
Microsoft Visual Studio Solution File, Format Version 12.00
# Visual Studio Version 16
VisualStudioVersion = 16.0.30517.126
MinimumVisualStudioVersion = 10.0.40219.1
Project("{FAE04EC0-301F-11D3-BF4B-00C04F79EFBC}") = "0Assignment2", "0Assignment2.csproj", "{B7C5C770-E5C6-409A-A6AB-3B1B252D010C}"
EndProject
Global
	GlobalSection(SolutionConfigurationPlatforms) = preSolution
		Debug|Any CPU = Debug|Any CPU
		Release|Any CPU = Release|Any CPU
	EndGlobalSection
	GlobalSection(ProjectConfigurationPlatforms) = postSolution
		{B7C5C770-E5C6-409A-A6AB-3B1B252D010C}.Debug|Any CPU.ActiveCfg = Debug|Any CPU
		{B7C5C770-E5C6-409A-A6AB-3B1B252D010C}.Debug|Any CPU.Build.0 = Debug|Any CPU
		{B7C5C770-E5C6-409A-A6AB-3B1B252D010C}.Release|Any CPU.ActiveCfg = Release|Any CPU
		{B7C5C770-E5C6-409A-A6AB-3B1B252D010C}.Release|Any CPU.Build.0 = Release|Any CPU
	EndGlobalSection
	GlobalSection(SolutionProperties) = preSolution
		HideSolutionNode = FALSE
	EndGlobalSection
	GlobalSection(ExtensibilityGlobals) = postSolution
		SolutionGuid = {3444D9C6-74F3-49D1-AA94-80EA659B5003}
	EndGlobalSection
EndGlobal
